[[package]]
name = "asgiref"
version = "3.5.2"
description = "ASGI specs, helper code, and adapters"
category = "main"
optional = false
python-versions = ">=3.7"

[package.extras]
tests = ["pytest", "pytest-asyncio", "mypy (>=0.800)"]

[[package]]
name = "beautifulsoup4"
version = "4.11.1"
description = "Screen-scraping library"
category = "main"
optional = false
python-versions = ">=3.6.0"

[package.dependencies]
soupsieve = ">1.2"

[package.extras]
html5lib = ["html5lib"]
lxml = ["lxml"]

[[package]]
name = "certifi"
version = "2022.6.15"
description = "Python package for providing Mozilla's CA Bundle."
category = "main"
optional = false
python-versions = ">=3.6"

[[package]]
name = "charset-normalizer"
version = "2.0.12"
description = "The Real First Universal Charset Detector. Open, modern and actively maintained alternative to Chardet."
category = "main"
optional = false
python-versions = ">=3.5.0"

[package.extras]
unicode_backport = ["unicodedata2"]

[[package]]
name = "django"
version = "4.0.5"
description = "A high-level Python web framework that encourages rapid development and clean, pragmatic design."
category = "main"
optional = false
python-versions = ">=3.8"

[package.dependencies]
asgiref = ">=3.4.1,<4"
sqlparse = ">=0.2.2"
tzdata = {version = "*", markers = "sys_platform == \"win32\""}

[package.extras]
argon2 = ["argon2-cffi (>=19.1.0)"]
bcrypt = ["bcrypt"]

[[package]]
name = "django-cors-headers"
version = "3.13.0"
description = "django-cors-headers is a Django application for handling the server headers required for Cross-Origin Resource Sharing (CORS)."
category = "main"
optional = false
python-versions = ">=3.7"

[package.dependencies]
Django = ">=3.2"

[[package]]
name = "django-ipware"
version = "4.0.2"
description = "A Django application to retrieve user's IP address"
category = "main"
optional = false
python-versions = ">=2.7, !=3.0.*, !=3.1.*, !=3.2.*, !=3.3.*, !=3.4.*, !=3.5.*"

[[package]]
name = "djangorestframework"
version = "3.13.1"
description = "Web APIs for Django, made easy."
category = "main"
optional = false
python-versions = ">=3.6"

[package.dependencies]
django = ">=2.2"
pytz = "*"

[[package]]
name = "djangorestframework-simplejwt"
version = "5.2.0"
description = "A minimal JSON Web Token authentication plugin for Django REST Framework"
category = "main"
optional = false
python-versions = ">=3.7"

[package.dependencies]
django = "*"
djangorestframework = "*"
pyjwt = ">=1.7.1,<3"

[package.extras]
dev = ["pytest-watch", "wheel", "twine", "ipython", "cryptography", "pytest-cov", "pytest-django", "pytest-xdist", "pytest", "tox", "flake8", "pep8", "isort", "Sphinx (>=1.6.5,<2)", "sphinx-rtd-theme (>=0.1.9)", "python-jose (==3.3.0)"]
doc = ["Sphinx (>=1.6.5,<2)", "sphinx-rtd-theme (>=0.1.9)"]
lint = ["flake8", "pep8", "isort"]
python-jose = ["python-jose (==3.3.0)"]
test = ["cryptography", "pytest-cov", "pytest-django", "pytest-xdist", "pytest", "tox"]

[[package]]
name = "idna"
version = "3.3"
description = "Internationalized Domain Names in Applications (IDNA)"
category = "main"
optional = false
python-versions = ">=3.5"

[[package]]
name = "o365"
version = "2.0.19"
description = "Microsoft Graph and Office 365 API made easy"
category = "main"
optional = false
python-versions = ">=3.4"

[package.dependencies]
beautifulsoup4 = ">=4.0.0"
python-dateutil = ">=2.7"
pytz = ">=2018.5"
requests = ">=2.18.0"
requests-oauthlib = ">=1.2.0"
stringcase = ">=1.2.0"
tzlocal = ">=4.0"

[[package]]
name = "oauthlib"
version = "3.2.0"
description = "A generic, spec-compliant, thorough implementation of the OAuth request-signing logic"
category = "main"
optional = false
python-versions = ">=3.6"

[package.extras]
rsa = ["cryptography (>=3.0.0)"]
signals = ["blinker (>=1.4.0)"]
signedtoken = ["cryptography (>=3.0.0)", "pyjwt (>=2.0.0,<3)"]

[[package]]
name = "pillow"
version = "9.1.1"
description = "Python Imaging Library (Fork)"
category = "main"
optional = false
python-versions = ">=3.7"

[package.extras]
docs = ["olefile", "sphinx (>=2.4)", "sphinx-copybutton", "sphinx-issues (>=3.0.1)", "sphinx-removed-in", "sphinx-rtd-theme (>=1.0)", "sphinxext-opengraph"]
tests = ["check-manifest", "coverage", "defusedxml", "markdown2", "olefile", "packaging", "pyroma", "pytest", "pytest-cov", "pytest-timeout"]

[[package]]
name = "pyjwt"
version = "2.4.0"
description = "JSON Web Token implementation in Python"
category = "main"
optional = false
python-versions = ">=3.6"

[package.extras]
crypto = ["cryptography (>=3.3.1)"]
dev = ["sphinx", "sphinx-rtd-theme", "zope.interface", "cryptography (>=3.3.1)", "pytest (>=6.0.0,<7.0.0)", "coverage[toml] (==5.0.4)", "mypy", "pre-commit"]
docs = ["sphinx", "sphinx-rtd-theme", "zope.interface"]
tests = ["pytest (>=6.0.0,<7.0.0)", "coverage[toml] (==5.0.4)"]

[[package]]
name = "python-dateutil"
version = "2.8.2"
description = "Extensions to the standard Python datetime module"
category = "main"
optional = false
python-versions = "!=3.0.*,!=3.1.*,!=3.2.*,>=2.7"

[package.dependencies]
six = ">=1.5"

[[package]]
name = "python-dotenv"
version = "0.20.0"
description = "Read key-value pairs from a .env file and set them as environment variables"
category = "main"
optional = false
python-versions = ">=3.5"

[package.extras]
cli = ["click (>=5.0)"]

[[package]]
name = "pytz"
version = "2022.1"
description = "World timezone definitions, modern and historical"
category = "main"
optional = false
python-versions = "*"

[[package]]
name = "pytz-deprecation-shim"
version = "0.1.0.post0"
description = "Shims to make deprecation of pytz easier"
category = "main"
optional = false
python-versions = "!=3.0.*,!=3.1.*,!=3.2.*,!=3.3.*,!=3.4.*,!=3.5.*,>=2.7"

[package.dependencies]
tzdata = {version = "*", markers = "python_version >= \"3.6\""}

[[package]]
name = "requests"
version = "2.28.0"
description = "Python HTTP for Humans."
category = "main"
optional = false
python-versions = ">=3.7, <4"

[package.dependencies]
certifi = ">=2017.4.17"
charset-normalizer = ">=2.0.0,<2.1.0"
idna = ">=2.5,<4"
urllib3 = ">=1.21.1,<1.27"

[package.extras]
socks = ["PySocks (>=1.5.6,!=1.5.7)"]
use_chardet_on_py3 = ["chardet (>=3.0.2,<5)"]

[[package]]
name = "requests-oauthlib"
version = "1.3.1"
description = "OAuthlib authentication support for Requests."
category = "main"
optional = false
python-versions = ">=2.7, !=3.0.*, !=3.1.*, !=3.2.*, !=3.3.*"

[package.dependencies]
oauthlib = ">=3.0.0"
requests = ">=2.0.0"

[package.extras]
rsa = ["oauthlib[signedtoken] (>=3.0.0)"]

[[package]]
name = "six"
version = "1.16.0"
description = "Python 2 and 3 compatibility utilities"
category = "main"
optional = false
python-versions = ">=2.7, !=3.0.*, !=3.1.*, !=3.2.*"

[[package]]
name = "soupsieve"
version = "2.3.2.post1"
description = "A modern CSS selector implementation for Beautiful Soup."
category = "main"
optional = false
python-versions = ">=3.6"

[[package]]
name = "sqlparse"
version = "0.4.2"
description = "A non-validating SQL parser."
category = "main"
optional = false
python-versions = ">=3.5"

[[package]]
name = "stringcase"
version = "1.2.0"
description = "String case converter."
category = "main"
optional = false
python-versions = "*"

[[package]]
name = "tzdata"
version = "2022.1"
description = "Provider of IANA time zone data"
category = "main"
optional = false
python-versions = ">=2"

[[package]]
name = "tzlocal"
version = "4.2"
description = "tzinfo object for the local timezone"
category = "main"
optional = false
python-versions = ">=3.6"

[package.dependencies]
pytz-deprecation-shim = "*"
tzdata = {version = "*", markers = "platform_system == \"Windows\""}

[package.extras]
devenv = ["black", "pyroma", "pytest-cov", "zest.releaser"]
test = ["pytest-mock (>=3.3)", "pytest (>=4.3)"]

[[package]]
name = "urllib3"
version = "1.26.9"
description = "HTTP library with thread-safe connection pooling, file post, and more."
category = "main"
optional = false
python-versions = ">=2.7, !=3.0.*, !=3.1.*, !=3.2.*, !=3.3.*, !=3.4.*, <4"

[package.extras]
brotli = ["brotlicffi (>=0.8.0)", "brotli (>=1.0.9)", "brotlipy (>=0.6.0)"]
secure = ["pyOpenSSL (>=0.14)", "cryptography (>=1.3.4)", "idna (>=2.0.0)", "certifi", "ipaddress"]
socks = ["PySocks (>=1.5.6,!=1.5.7,<2.0)"]

[metadata]
lock-version = "1.1"
python-versions = "^3.10"
content-hash = "2828647c0c2b220fb5fdac256583d50d2720b5f87d0855c33c6bf7a5c4b838b1"

[metadata.files]
asgiref = [
    {file = "asgiref-3.5.2-py3-none-any.whl", hash = "sha256:1d2880b792ae8757289136f1db2b7b99100ce959b2aa57fd69dab783d05afac4"},
    {file = "asgiref-3.5.2.tar.gz", hash = "sha256:4a29362a6acebe09bf1d6640db38c1dc3d9217c68e6f9f6204d72667fc19a424"},
]
beautifulsoup4 = [
    {file = "beautifulsoup4-4.11.1-py3-none-any.whl", hash = "sha256:58d5c3d29f5a36ffeb94f02f0d786cd53014cf9b3b3951d42e0080d8a9498d30"},
    {file = "beautifulsoup4-4.11.1.tar.gz", hash = "sha256:ad9aa55b65ef2808eb405f46cf74df7fcb7044d5cbc26487f96eb2ef2e436693"},
]
certifi = [
    {file = "certifi-2022.6.15-py3-none-any.whl", hash = "sha256:fe86415d55e84719d75f8b69414f6438ac3547d2078ab91b67e779ef69378412"},
    {file = "certifi-2022.6.15.tar.gz", hash = "sha256:84c85a9078b11105f04f3036a9482ae10e4621616db313fe045dd24743a0820d"},
]
charset-normalizer = [
    {file = "charset-normalizer-2.0.12.tar.gz", hash = "sha256:2857e29ff0d34db842cd7ca3230549d1a697f96ee6d3fb071cfa6c7393832597"},
    {file = "charset_normalizer-2.0.12-py3-none-any.whl", hash = "sha256:6881edbebdb17b39b4eaaa821b438bf6eddffb4468cf344f09f89def34a8b1df"},
]
django = [
    {file = "Django-4.0.5-py3-none-any.whl", hash = "sha256:502ae42b6ab1b612c933fb50d5ff850facf858a4c212f76946ecd8ea5b3bf2d9"},
    {file = "Django-4.0.5.tar.gz", hash = "sha256:f7431a5de7277966f3785557c3928433347d998c1e6459324501378a291e5aab"},
]
django-cors-headers = [
    {file = "django-cors-headers-3.13.0.tar.gz", hash = "sha256:f9dc6b4e3f611c3199700b3e5f3398c28757dcd559c2f82932687f3d0443cfdf"},
    {file = "django_cors_headers-3.13.0-py3-none-any.whl", hash = "sha256:37e42883b5f1f2295df6b4bba96eb2417a14a03270cb24b2a07f021cd4487cf4"},
]
django-ipware = [
    {file = "django-ipware-4.0.2.tar.gz", hash = "sha256:602a58325a4808bd19197fef2676a0b2da2df40d0ecf21be414b2ff48c72ad05"},
    {file = "django_ipware-4.0.2-py2.py3-none-any.whl", hash = "sha256:878dbb06a87e25550798e9ef3204ed70a200dd8b15e47dcef848cf08244f04c9"},
]
djangorestframework = [
    {file = "djangorestframework-3.13.1-py3-none-any.whl", hash = "sha256:24c4bf58ed7e85d1fe4ba250ab2da926d263cd57d64b03e8dcef0ac683f8b1aa"},
    {file = "djangorestframework-3.13.1.tar.gz", hash = "sha256:0c33407ce23acc68eca2a6e46424b008c9c02eceb8cf18581921d0092bc1f2ee"},
]
djangorestframework-simplejwt = [
    {file = "djangorestframework_simplejwt-5.2.0-py3-none-any.whl", hash = "sha256:bcc4cb74dcb637ca1e17eed35276bd618ab19491f8c53e65dee6271177c355e8"},
    {file = "djangorestframework_simplejwt-5.2.0.tar.gz", hash = "sha256:a60b09afb27d91ad1d7ac904cc632bd52cecead8f389f0fa1532ceb0fb757a74"},
]
idna = [
    {file = "idna-3.3-py3-none-any.whl", hash = "sha256:84d9dd047ffa80596e0f246e2eab0b391788b0503584e8945f2368256d2735ff"},
    {file = "idna-3.3.tar.gz", hash = "sha256:9d643ff0a55b762d5cdb124b8eaa99c66322e2157b69160bc32796e824360e6d"},
]
o365 = [
    {file = "O365-2.0.19-py3-none-any.whl", hash = "sha256:fdcc38c5fa3ee11f2d1774058881b2e8333f7df6eb81962693ead856f1233ba0"},
    {file = "O365-2.0.19.tar.gz", hash = "sha256:725238a0362343bd84c426ee5d282a862a603f62de454d01c5f9dfaf9cdf98f9"},
]
oauthlib = [
    {file = "oauthlib-3.2.0-py3-none-any.whl", hash = "sha256:6db33440354787f9b7f3a6dbd4febf5d0f93758354060e802f6c06cb493022fe"},
    {file = "oauthlib-3.2.0.tar.gz", hash = "sha256:23a8208d75b902797ea29fd31fa80a15ed9dc2c6c16fe73f5d346f83f6fa27a2"},
]
pillow = [
    {file = "Pillow-9.1.1-cp310-cp310-macosx_10_10_x86_64.whl", hash = "sha256:42dfefbef90eb67c10c45a73a9bc1599d4dac920f7dfcbf4ec6b80cb620757fe"},
    {file = "Pillow-9.1.1-cp310-cp310-macosx_11_0_arm64.whl", hash = "sha256:ffde4c6fabb52891d81606411cbfaf77756e3b561b566efd270b3ed3791fde4e"},
    {file = "Pillow-9.1.1-cp310-cp310-manylinux_2_17_aarch64.manylinux2014_aarch64.whl", hash = "sha256:9c857532c719fb30fafabd2371ce9b7031812ff3889d75273827633bca0c4602"},
    {file = "Pillow-9.1.1-cp310-cp310-manylinux_2_17_i686.manylinux2014_i686.whl", hash = "sha256:59789a7d06c742e9d13b883d5e3569188c16acb02eeed2510fd3bfdbc1bd1530"},
    {file = "Pillow-9.1.1-cp310-cp310-manylinux_2_17_x86_64.manylinux2014_x86_64.whl", hash = "sha256:4d45dbe4b21a9679c3e8b3f7f4f42a45a7d3ddff8a4a16109dff0e1da30a35b2"},
    {file = "Pillow-9.1.1-cp310-cp310-musllinux_1_1_x86_64.whl", hash = "sha256:e9ed59d1b6ee837f4515b9584f3d26cf0388b742a11ecdae0d9237a94505d03a"},
    {file = "Pillow-9.1.1-cp310-cp310-win32.whl", hash = "sha256:b3fe2ff1e1715d4475d7e2c3e8dabd7c025f4410f79513b4ff2de3d51ce0fa9c"},
    {file = "Pillow-9.1.1-cp310-cp310-win_amd64.whl", hash = "sha256:5b650dbbc0969a4e226d98a0b440c2f07a850896aed9266b6fedc0f7e7834108"},
    {file = "Pillow-9.1.1-cp37-cp37m-macosx_10_10_x86_64.whl", hash = "sha256:0b4d5ad2cd3a1f0d1df882d926b37dbb2ab6c823ae21d041b46910c8f8cd844b"},
    {file = "Pillow-9.1.1-cp37-cp37m-manylinux_2_17_aarch64.manylinux2014_aarch64.whl", hash = "sha256:9370d6744d379f2de5d7fa95cdbd3a4d92f0b0ef29609b4b1687f16bc197063d"},
    {file = "Pillow-9.1.1-cp37-cp37m-manylinux_2_17_i686.manylinux2014_i686.whl", hash = "sha256:b761727ed7d593e49671d1827044b942dd2f4caae6e51bab144d4accf8244a84"},
    {file = "Pillow-9.1.1-cp37-cp37m-manylinux_2_17_x86_64.manylinux2014_x86_64.whl", hash = "sha256:8a66fe50386162df2da701b3722781cbe90ce043e7d53c1fd6bd801bca6b48d4"},
    {file = "Pillow-9.1.1-cp37-cp37m-win32.whl", hash = "sha256:2b291cab8a888658d72b575a03e340509b6b050b62db1f5539dd5cd18fd50578"},
    {file = "Pillow-9.1.1-cp37-cp37m-win_amd64.whl", hash = "sha256:1d4331aeb12f6b3791911a6da82de72257a99ad99726ed6b63f481c0184b6fb9"},
    {file = "Pillow-9.1.1-cp38-cp38-macosx_10_10_x86_64.whl", hash = "sha256:8844217cdf66eabe39567118f229e275f0727e9195635a15e0e4b9227458daaf"},
    {file = "Pillow-9.1.1-cp38-cp38-macosx_11_0_arm64.whl", hash = "sha256:b6617221ff08fbd3b7a811950b5c3f9367f6e941b86259843eab77c8e3d2b56b"},
    {file = "Pillow-9.1.1-cp38-cp38-manylinux_2_17_aarch64.manylinux2014_aarch64.whl", hash = "sha256:20d514c989fa28e73a5adbddd7a171afa5824710d0ab06d4e1234195d2a2e546"},
    {file = "Pillow-9.1.1-cp38-cp38-manylinux_2_17_i686.manylinux2014_i686.whl", hash = "sha256:088df396b047477dd1bbc7de6e22f58400dae2f21310d9e2ec2933b2ef7dfa4f"},
    {file = "Pillow-9.1.1-cp38-cp38-manylinux_2_17_x86_64.manylinux2014_x86_64.whl", hash = "sha256:53c27bd452e0f1bc4bfed07ceb235663a1df7c74df08e37fd6b03eb89454946a"},
    {file = "Pillow-9.1.1-cp38-cp38-musllinux_1_1_x86_64.whl", hash = "sha256:3f6c1716c473ebd1649663bf3b42702d0d53e27af8b64642be0dd3598c761fb1"},
    {file = "Pillow-9.1.1-cp38-cp38-win32.whl", hash = "sha256:c67db410508b9de9c4694c57ed754b65a460e4812126e87f5052ecf23a011a54"},
    {file = "Pillow-9.1.1-cp38-cp38-win_amd64.whl", hash = "sha256:f054b020c4d7e9786ae0404278ea318768eb123403b18453e28e47cdb7a0a4bf"},
    {file = "Pillow-9.1.1-cp39-cp39-macosx_10_10_x86_64.whl", hash = "sha256:c17770a62a71718a74b7548098a74cd6880be16bcfff5f937f900ead90ca8e92"},
    {file = "Pillow-9.1.1-cp39-cp39-macosx_11_0_arm64.whl", hash = "sha256:f3f6a6034140e9e17e9abc175fc7a266a6e63652028e157750bd98e804a8ed9a"},
    {file = "Pillow-9.1.1-cp39-cp39-manylinux_2_17_aarch64.manylinux2014_aarch64.whl", hash = "sha256:f372d0f08eff1475ef426344efe42493f71f377ec52237bf153c5713de987251"},
    {file = "Pillow-9.1.1-cp39-cp39-manylinux_2_17_i686.manylinux2014_i686.whl", hash = "sha256:09e67ef6e430f90caa093528bd758b0616f8165e57ed8d8ce014ae32df6a831d"},
    {file = "Pillow-9.1.1-cp39-cp39-manylinux_2_17_x86_64.manylinux2014_x86_64.whl", hash = "sha256:66daa16952d5bf0c9d5389c5e9df562922a59bd16d77e2a276e575d32e38afd1"},
    {file = "Pillow-9.1.1-cp39-cp39-musllinux_1_1_x86_64.whl", hash = "sha256:d78ca526a559fb84faaaf84da2dd4addef5edb109db8b81677c0bb1aad342601"},
    {file = "Pillow-9.1.1-cp39-cp39-win32.whl", hash = "sha256:55e74faf8359ddda43fee01bffbc5bd99d96ea508d8a08c527099e84eb708f45"},
    {file = "Pillow-9.1.1-cp39-cp39-win_amd64.whl", hash = "sha256:7c150dbbb4a94ea4825d1e5f2c5501af7141ea95825fadd7829f9b11c97aaf6c"},
    {file = "Pillow-9.1.1-pp37-pypy37_pp73-macosx_10_10_x86_64.whl", hash = "sha256:769a7f131a2f43752455cc72f9f7a093c3ff3856bf976c5fb53a59d0ccc704f6"},
    {file = "Pillow-9.1.1-pp37-pypy37_pp73-manylinux_2_17_i686.manylinux2014_i686.whl", hash = "sha256:488f3383cf5159907d48d32957ac6f9ea85ccdcc296c14eca1a4e396ecc32098"},
    {file = "Pillow-9.1.1-pp37-pypy37_pp73-manylinux_2_17_x86_64.manylinux2014_x86_64.whl", hash = "sha256:0b525a356680022b0af53385944026d3486fc8c013638cf9900eb87c866afb4c"},
    {file = "Pillow-9.1.1-pp38-pypy38_pp73-macosx_10_10_x86_64.whl", hash = "sha256:6e760cf01259a1c0a50f3c845f9cad1af30577fd8b670339b1659c6d0e7a41dd"},
    {file = "Pillow-9.1.1-pp38-pypy38_pp73-manylinux_2_17_i686.manylinux2014_i686.whl", hash = "sha256:a4165205a13b16a29e1ac57efeee6be2dfd5b5408122d59ef2145bc3239fa340"},
    {file = "Pillow-9.1.1-pp38-pypy38_pp73-manylinux_2_17_x86_64.manylinux2014_x86_64.whl", hash = "sha256:937a54e5694684f74dcbf6e24cc453bfc5b33940216ddd8f4cd8f0f79167f765"},
    {file = "Pillow-9.1.1-pp38-pypy38_pp73-win_amd64.whl", hash = "sha256:baf3be0b9446a4083cc0c5bb9f9c964034be5374b5bc09757be89f5d2fa247b8"},
    {file = "Pillow-9.1.1.tar.gz", hash = "sha256:7502539939b53d7565f3d11d87c78e7ec900d3c72945d4ee0e2f250d598309a0"},
]
pyjwt = [
    {file = "PyJWT-2.4.0-py3-none-any.whl", hash = "sha256:72d1d253f32dbd4f5c88eaf1fdc62f3a19f676ccbadb9dbc5d07e951b2b26daf"},
    {file = "PyJWT-2.4.0.tar.gz", hash = "sha256:d42908208c699b3b973cbeb01a969ba6a96c821eefb1c5bfe4c390c01d67abba"},
]
python-dateutil = [
    {file = "python-dateutil-2.8.2.tar.gz", hash = "sha256:0123cacc1627ae19ddf3c27a5de5bd67ee4586fbdd6440d9748f8abb483d3e86"},
    {file = "python_dateutil-2.8.2-py2.py3-none-any.whl", hash = "sha256:961d03dc3453ebbc59dbdea9e4e11c5651520a876d0f4db161e8674aae935da9"},
]
python-dotenv = [
    {file = "python-dotenv-0.20.0.tar.gz", hash = "sha256:b7e3b04a59693c42c36f9ab1cc2acc46fa5df8c78e178fc33a8d4cd05c8d498f"},
    {file = "python_dotenv-0.20.0-py3-none-any.whl", hash = "sha256:d92a187be61fe482e4fd675b6d52200e7be63a12b724abbf931a40ce4fa92938"},
]
pytz = [
    {file = "pytz-2022.1-py2.py3-none-any.whl", hash = "sha256:e68985985296d9a66a881eb3193b0906246245294a881e7c8afe623866ac6a5c"},
    {file = "pytz-2022.1.tar.gz", hash = "sha256:1e760e2fe6a8163bc0b3d9a19c4f84342afa0a2affebfaa84b01b978a02ecaa7"},
]
pytz-deprecation-shim = [
    {file = "pytz_deprecation_shim-0.1.0.post0-py2.py3-none-any.whl", hash = "sha256:8314c9692a636c8eb3bda879b9f119e350e93223ae83e70e80c31675a0fdc1a6"},
    {file = "pytz_deprecation_shim-0.1.0.post0.tar.gz", hash = "sha256:af097bae1b616dde5c5744441e2ddc69e74dfdcb0c263129610d85b87445a59d"},
]
requests = [
    {file = "requests-2.28.0-py3-none-any.whl", hash = "sha256:bc7861137fbce630f17b03d3ad02ad0bf978c844f3536d0edda6499dafce2b6f"},
    {file = "requests-2.28.0.tar.gz", hash = "sha256:d568723a7ebd25875d8d1eaf5dfa068cd2fc8194b2e483d7b1f7c81918dbec6b"},
]
requests-oauthlib = [
    {file = "requests-oauthlib-1.3.1.tar.gz", hash = "sha256:75beac4a47881eeb94d5ea5d6ad31ef88856affe2332b9aafb52c6452ccf0d7a"},
    {file = "requests_oauthlib-1.3.1-py2.py3-none-any.whl", hash = "sha256:2577c501a2fb8d05a304c09d090d6e47c306fef15809d102b327cf8364bddab5"},
]
six = [
    {file = "six-1.16.0-py2.py3-none-any.whl", hash = "sha256:8abb2f1d86890a2dfb989f9a77cfcfd3e47c2a354b01111771326f8aa26e0254"},
    {file = "six-1.16.0.tar.gz", hash = "sha256:1e61c37477a1626458e36f7b1d82aa5c9b094fa4802892072e49de9c60c4c926"},
]
soupsieve = [
    {file = "soupsieve-2.3.2.post1-py3-none-any.whl", hash = "sha256:3b2503d3c7084a42b1ebd08116e5f81aadfaea95863628c80a3b774a11b7c759"},
    {file = "soupsieve-2.3.2.post1.tar.gz", hash = "sha256:fc53893b3da2c33de295667a0e19f078c14bf86544af307354de5fcf12a3f30d"},
]
sqlparse = [
    {file = "sqlparse-0.4.2-py3-none-any.whl", hash = "sha256:48719e356bb8b42991bdbb1e8b83223757b93789c00910a616a071910ca4a64d"},
    {file = "sqlparse-0.4.2.tar.gz", hash = "sha256:0c00730c74263a94e5a9919ade150dfc3b19c574389985446148402998287dae"},
]
stringcase = [
    {file = "stringcase-1.2.0.tar.gz", hash = "sha256:48a06980661908efe8d9d34eab2b6c13aefa2163b3ced26972902e3bdfd87008"},
]
tzdata = [
    {file = "tzdata-2022.1-py2.py3-none-any.whl", hash = "sha256:238e70234214138ed7b4e8a0fab0e5e13872edab3be586ab8198c407620e2ab9"},
    {file = "tzdata-2022.1.tar.gz", hash = "sha256:8b536a8ec63dc0751342b3984193a3118f8fca2afe25752bb9b7fffd398552d3"},
]
tzlocal = [
    {file = "tzlocal-4.2-py3-none-any.whl", hash = "sha256:89885494684c929d9191c57aa27502afc87a579be5cdd3225c77c463ea043745"},
    {file = "tzlocal-4.2.tar.gz", hash = "sha256:ee5842fa3a795f023514ac2d801c4a81d1743bbe642e3940143326b3a00addd7"},
]
urllib3 = [
    {file = "urllib3-1.26.9-py2.py3-none-any.whl", hash = "sha256:44ece4d53fb1706f667c9bd1c648f5469a2ec925fcf3a776667042d645472c14"},
    {file = "urllib3-1.26.9.tar.gz", hash = "sha256:aabaf16477806a5e1dd19aa41f8c2b7950dd3c746362d7e3223dbe6de6ac448e"},
]
